
Microsoft Visual Studio Solution File, Format Version 12.00
# Visual Studio Version 16
VisualStudioVersion = 16.0.31911.196
MinimumVisualStudioVersion = 10.0.40219.1
Project("{FAE04EC0-301F-11D3-BF4B-00C04F79EFBC}") = "bookmark-dlp", "bookmark-dlp.csproj", "{2F3C145A-D64E-4A24-A289-DB12DCFD5768}"
EndProject
Global
	GlobalSection(SolutionConfigurationPlatforms) = preSolution
		Debug|Any CPU = Debug|Any CPU
		Release|Any CPU = Release|Any CPU
	EndGlobalSection
	GlobalSection(ProjectConfigurationPlatforms) = postSolution
		{2F3C145A-D64E-4A24-A289-DB12DCFD5768}.Debug|Any CPU.ActiveCfg = Debug|Any CPU
		{2F3C145A-D64E-4A24-A289-DB12DCFD5768}.Debug|Any CPU.Build.0 = Debug|Any CPU
		{2F3C145A-D64E-4A24-A289-DB12DCFD5768}.Release|Any CPU.ActiveCfg = Release|Any CPU
		{2F3C145A-D64E-4A24-A289-DB12DCFD5768}.Release|Any CPU.Build.0 = Release|Any CPU
	EndGlobalSection
	GlobalSection(SolutionProperties) = preSolution
		HideSolutionNode = FALSE
	EndGlobalSection
	GlobalSection(ExtensibilityGlobals) = postSolution
		SolutionGuid = {8B9FA47D-CF9F-4681-9D59-56CACAD3DA57}
	EndGlobalSection
EndGlobal
